
Microsoft Visual Studio Solution File, Format Version 12.00
# Visual Studio Version 17
VisualStudioVersion = 17.7.34202.233
MinimumVisualStudioVersion = 10.0.40219.1
Project("{8BC9CEB8-8B4A-11D0-8D11-00A0C91BC942}") = "OOP_LAB_Project", "OOP_LAB_Project\OOP_LAB_Project.vcxproj", "{572D35AE-43A2-4805-95E3-0B130B6BE073}"
EndProject
Global
	GlobalSection(SolutionConfigurationPlatforms) = preSolution
		Debug|x64 = Debug|x64
		Debug|x86 = Debug|x86
		Release|x64 = Release|x64
		Release|x86 = Release|x86
	EndGlobalSection
	GlobalSection(ProjectConfigurationPlatforms) = postSolution
		{572D35AE-43A2-4805-95E3-0B130B6BE073}.Debug|x64.ActiveCfg = Debug|x64
		{572D35AE-43A2-4805-95E3-0B130B6BE073}.Debug|x64.Build.0 = Debug|x64
		{572D35AE-43A2-4805-95E3-0B130B6BE073}.Debug|x86.ActiveCfg = Debug|Win32
		{572D35AE-43A2-4805-95E3-0B130B6BE073}.Debug|x86.Build.0 = Debug|Win32
		{572D35AE-43A2-4805-95E3-0B130B6BE073}.Release|x64.ActiveCfg = Release|x64
		{572D35AE-43A2-4805-95E3-0B130B6BE073}.Release|x64.Build.0 = Release|x64
		{572D35AE-43A2-4805-95E3-0B130B6BE073}.Release|x86.ActiveCfg = Release|Win32
		{572D35AE-43A2-4805-95E3-0B130B6BE073}.Release|x86.Build.0 = Release|Win32
	EndGlobalSection
	GlobalSection(SolutionProperties) = preSolution
		HideSolutionNode = FALSE
	EndGlobalSection
	GlobalSection(ExtensibilityGlobals) = postSolution
		SolutionGuid = {90CFA2EF-091E-4C32-AEF3-68F31D32476D}
	EndGlobalSection
EndGlobal
